// !$*UTF8*$!
{
	archiveVersion = 1;
	classes = {
	};
	objectVersion = 45;
	objects = {

/* Begin PBXBuildFile section */
		8D5B49B0048680CD000E48DA /* InfoPlist.strings in Resources */ = {isa = PBXBuildFile; fileRef = 089C167DFE841241C02AAC07 /* InfoPlist.strings */; };
		8D5B49B4048680CD000E48DA /* Cocoa.framework in Frameworks */ = {isa = PBXBuildFile; fileRef = 1058C7ADFEA557BF11CA2CBB /* Cocoa.framework */; };
		CC0EC5D10F22A2020094F69D /* JSTExtras.m in Sources */ = {isa = PBXBuildFile; fileRef = CC0EC5CA0F22A2020094F69D /* JSTExtras.m */; };
		CC0EC5D20F22A2020094F69D /* JSTListener.m in Sources */ = {isa = PBXBuildFile; fileRef = CC0EC5CD0F22A2020094F69D /* JSTListener.m */; };
		CC0EC5D30F22A2020094F69D /* JSTScanner.m in Sources */ = {isa = PBXBuildFile; fileRef = CC0EC5CE0F22A2020094F69D /* JSTScanner.m */; };
		CC0EC5D40F22A2020094F69D /* JSTalk.m in Sources */ = {isa = PBXBuildFile; fileRef = CC0EC5CF0F22A2020094F69D /* JSTalk.m */; };
		CC0EC5DA0F22A21A0094F69D /* ScriptingBridge.framework in Frameworks */ = {isa = PBXBuildFile; fileRef = CC0EC5D90F22A21A0094F69D /* ScriptingBridge.framework */; };
		CC2FDC9F0EB68C40005267D1 /* JavaScriptCore.framework in Frameworks */ = {isa = PBXBuildFile; fileRef = CC2FDC9E0EB68C40005267D1 /* JavaScriptCore.framework */; };
		CC2FDCB00EB68CF4005267D1 /* libffi.dylib in Frameworks */ = {isa = PBXBuildFile; fileRef = CC2FDCAF0EB68CF4005267D1 /* libffi.dylib */; };
		CC726D6C0F1568BC00EB02AF /* JSEnablerPlugIn.m in Sources */ = {isa = PBXBuildFile; fileRef = CC726D6B0F1568BC00EB02AF /* JSEnablerPlugIn.m */; };
		CC726DA50F1569FA00EB02AF /* BridgeSupportController.m in Sources */ = {isa = PBXBuildFile; fileRef = CC726D9C0F1569FA00EB02AF /* BridgeSupportController.m */; };
		CC726DA60F1569FA00EB02AF /* JSCocoaController.m in Sources */ = {isa = PBXBuildFile; fileRef = CC726D9E0F1569FA00EB02AF /* JSCocoaController.m */; };
		CC726DA70F1569FA00EB02AF /* JSCocoaFFIArgument.m in Sources */ = {isa = PBXBuildFile; fileRef = CC726DA00F1569FA00EB02AF /* JSCocoaFFIArgument.m */; };
		CC726DA80F1569FA00EB02AF /* JSCocoaFFIClosure.m in Sources */ = {isa = PBXBuildFile; fileRef = CC726DA20F1569FA00EB02AF /* JSCocoaFFIClosure.m */; };
		CC726DA90F1569FA00EB02AF /* JSCocoaPrivateObject.m in Sources */ = {isa = PBXBuildFile; fileRef = CC726DA40F1569FA00EB02AF /* JSCocoaPrivateObject.m */; };
/* End PBXBuildFile section */

/* Begin PBXFileReference section */
		089C1672FE841209C02AAC07 /* Foundation.framework */ = {isa = PBXFileReference; lastKnownFileType = wrapper.framework; name = Foundation.framework; path = /System/Library/Frameworks/Foundation.framework; sourceTree = "<absolute>"; };
		089C167EFE841241C02AAC07 /* English */ = {isa = PBXFileReference; fileEncoding = 10; lastKnownFileType = text.plist.strings; name = English; path = English.lproj/InfoPlist.strings; sourceTree = "<group>"; };
		089C167FFE841241C02AAC07 /* AppKit.framework */ = {isa = PBXFileReference; lastKnownFileType = wrapper.framework; name = AppKit.framework; path = /System/Library/Frameworks/AppKit.framework; sourceTree = "<absolute>"; };
		1058C7ADFEA557BF11CA2CBB /* Cocoa.framework */ = {isa = PBXFileReference; lastKnownFileType = wrapper.framework; name = Cocoa.framework; path = /System/Library/Frameworks/Cocoa.framework; sourceTree = "<absolute>"; };
		8D5B49B6048680CD000E48DA /* JSEnabler.acplugin */ = {isa = PBXFileReference; explicitFileType = wrapper.cfbundle; includeInIndex = 0; path = JSEnabler.acplugin; sourceTree = BUILT_PRODUCTS_DIR; };
		8D5B49B7048680CD000E48DA /* Info.plist */ = {isa = PBXFileReference; fileEncoding = 4; lastKnownFileType = text.plist.xml; path = Info.plist; sourceTree = "<group>"; };
		CC0EC5C90F22A2020094F69D /* JSTalk.h */ = {isa = PBXFileReference; fileEncoding = 4; lastKnownFileType = sourcecode.c.h; name = JSTalk.h; path = ../../jstalk/src/JSTalk.h; sourceTree = SOURCE_ROOT; };
		CC0EC5CA0F22A2020094F69D /* JSTExtras.m */ = {isa = PBXFileReference; fileEncoding = 4; lastKnownFileType = sourcecode.c.objc; name = JSTExtras.m; path = ../../jstalk/src/JSTExtras.m; sourceTree = SOURCE_ROOT; };
		CC0EC5CB0F22A2020094F69D /* JSTScanner.h */ = {isa = PBXFileReference; fileEncoding = 4; lastKnownFileType = sourcecode.c.h; name = JSTScanner.h; path = ../../jstalk/src/JSTScanner.h; sourceTree = SOURCE_ROOT; };
		CC0EC5CC0F22A2020094F69D /* JSTListener.h */ = {isa = PBXFileReference; fileEncoding = 4; lastKnownFileType = sourcecode.c.h; name = JSTListener.h; path = ../../jstalk/src/JSTListener.h; sourceTree = SOURCE_ROOT; };
		CC0EC5CD0F22A2020094F69D /* JSTListener.m */ = {isa = PBXFileReference; fileEncoding = 4; lastKnownFileType = sourcecode.c.objc; name = JSTListener.m; path = ../../jstalk/src/JSTListener.m; sourceTree = SOURCE_ROOT; };
		CC0EC5CE0F22A2020094F69D /* JSTScanner.m */ = {isa = PBXFileReference; fileEncoding = 4; lastKnownFileType = sourcecode.c.objc; name = JSTScanner.m; path = ../../jstalk/src/JSTScanner.m; sourceTree = SOURCE_ROOT; };
		CC0EC5CF0F22A2020094F69D /* JSTalk.m */ = {isa = PBXFileReference; fileEncoding = 4; lastKnownFileType = sourcecode.c.objc; name = JSTalk.m; path = ../../jstalk/src/JSTalk.m; sourceTree = SOURCE_ROOT; };
		CC0EC5D00F22A2020094F69D /* JSTExtras.h */ = {isa = PBXFileReference; fileEncoding = 4; lastKnownFileType = sourcecode.c.h; name = JSTExtras.h; path = ../../jstalk/src/JSTExtras.h; sourceTree = SOURCE_ROOT; };
		CC0EC5D90F22A21A0094F69D /* ScriptingBridge.framework */ = {isa = PBXFileReference; lastKnownFileType = wrapper.framework; name = ScriptingBridge.framework; path = /System/Library/Frameworks/ScriptingBridge.framework; sourceTree = "<absolute>"; };
		CC2FDC9E0EB68C40005267D1 /* JavaScriptCore.framework */ = {isa = PBXFileReference; lastKnownFileType = wrapper.framework; name = JavaScriptCore.framework; path = /System/Library/Frameworks/JavaScriptCore.framework; sourceTree = "<absolute>"; };
		CC2FDCAF0EB68CF4005267D1 /* libffi.dylib */ = {isa = PBXFileReference; lastKnownFileType = "compiled.mach-o.dylib"; name = libffi.dylib; path = usr/lib/libffi.dylib; sourceTree = SDKROOT; };
		CC726D6A0F1568BC00EB02AF /* JSEnablerPlugIn.h */ = {isa = PBXFileReference; fileEncoding = 4; lastKnownFileType = sourcecode.c.h; path = JSEnablerPlugIn.h; sourceTree = "<group>"; };
		CC726D6B0F1568BC00EB02AF /* JSEnablerPlugIn.m */ = {isa = PBXFileReference; fileEncoding = 4; lastKnownFileType = sourcecode.c.objc; path = JSEnablerPlugIn.m; sourceTree = "<group>"; };
		CC726D6D0F1568C700EB02AF /* jsenabler_Prefix.pch */ = {isa = PBXFileReference; fileEncoding = 4; lastKnownFileType = sourcecode.c.h; path = jsenabler_Prefix.pch; sourceTree = "<group>"; };
		CC726D9B0F1569FA00EB02AF /* BridgeSupportController.h */ = {isa = PBXFileReference; fileEncoding = 4; lastKnownFileType = sourcecode.c.h; path = BridgeSupportController.h; sourceTree = "<group>"; };
		CC726D9C0F1569FA00EB02AF /* BridgeSupportController.m */ = {isa = PBXFileReference; fileEncoding = 4; lastKnownFileType = sourcecode.c.objc; path = BridgeSupportController.m; sourceTree = "<group>"; };
		CC726D9D0F1569FA00EB02AF /* JSCocoaController.h */ = {isa = PBXFileReference; fileEncoding = 4; lastKnownFileType = sourcecode.c.h; path = JSCocoaController.h; sourceTree = "<group>"; };
		CC726D9E0F1569FA00EB02AF /* JSCocoaController.m */ = {isa = PBXFileReference; fileEncoding = 4; lastKnownFileType = sourcecode.c.objc; path = JSCocoaController.m; sourceTree = "<group>"; };
		CC726D9F0F1569FA00EB02AF /* JSCocoaFFIArgument.h */ = {isa = PBXFileReference; fileEncoding = 4; lastKnownFileType = sourcecode.c.h; path = JSCocoaFFIArgument.h; sourceTree = "<group>"; };
		CC726DA00F1569FA00EB02AF /* JSCocoaFFIArgument.m */ = {isa = PBXFileReference; fileEncoding = 4; lastKnownFileType = sourcecode.c.objc; path = JSCocoaFFIArgument.m; sourceTree = "<group>"; };
		CC726DA10F1569FA00EB02AF /* JSCocoaFFIClosure.h */ = {isa = PBXFileReference; fileEncoding = 4; lastKnownFileType = sourcecode.c.h; path = JSCocoaFFIClosure.h; sourceTree = "<group>"; };
		CC726DA20F1569FA00EB02AF /* JSCocoaFFIClosure.m */ = {isa = PBXFileReference; fileEncoding = 4; lastKnownFileType = sourcecode.c.objc; path = JSCocoaFFIClosure.m; sourceTree = "<group>"; };
		CC726DA30F1569FA00EB02AF /* JSCocoaPrivateObject.h */ = {isa = PBXFileReference; fileEncoding = 4; lastKnownFileType = sourcecode.c.h; path = JSCocoaPrivateObject.h; sourceTree = "<group>"; };
		CC726DA40F1569FA00EB02AF /* JSCocoaPrivateObject.m */ = {isa = PBXFileReference; fileEncoding = 4; lastKnownFileType = sourcecode.c.objc; path = JSCocoaPrivateObject.m; sourceTree = "<group>"; };
		CC726DF80F156BE500EB02AF /* ACPlugin.h */ = {isa = PBXFileReference; fileEncoding = 4; lastKnownFileType = sourcecode.c.h; path = ACPlugin.h; sourceTree = "<group>"; };
		D2F7E65807B2D6F200F64583 /* CoreData.framework */ = {isa = PBXFileReference; lastKnownFileType = wrapper.framework; name = CoreData.framework; path = /System/Library/Frameworks/CoreData.framework; sourceTree = "<absolute>"; };
/* End PBXFileReference section */

/* Begin PBXFrameworksBuildPhase section */
		8D5B49B3048680CD000E48DA /* Frameworks */ = {
			isa = PBXFrameworksBuildPhase;
			buildActionMask = 2147483647;
			files = (
				8D5B49B4048680CD000E48DA /* Cocoa.framework in Frameworks */,
				CC2FDC9F0EB68C40005267D1 /* JavaScriptCore.framework in Frameworks */,
				CC2FDCB00EB68CF4005267D1 /* libffi.dylib in Frameworks */,
				CC0EC5DA0F22A21A0094F69D /* ScriptingBridge.framework in Frameworks */,
			);
			runOnlyForDeploymentPostprocessing = 0;
		};
/* End PBXFrameworksBuildPhase section */

/* Begin PBXGroup section */
		089C166AFE841209C02AAC07 /* Capitalize */ = {
			isa = PBXGroup;
			children = (
				CC726D9A0F1569FA00EB02AF /* JSCocoa */,
				08FB77AFFE84173DC02AAC07 /* Classes */,
				32C88E010371C26100C91783 /* Other Sources */,
				089C167CFE841241C02AAC07 /* Resources */,
				089C1671FE841209C02AAC07 /* Frameworks and Libraries */,
				19C28FB8FE9D52D311CA2CBB /* Products */,
			);
			name = Capitalize;
			sourceTree = "<group>";
		};
		089C1671FE841209C02AAC07 /* Frameworks and Libraries */ = {
			isa = PBXGroup;
			children = (
				1058C7ACFEA557BF11CA2CBB /* Linked Frameworks */,
				1058C7AEFEA557BF11CA2CBB /* Other Frameworks */,
			);
			name = "Frameworks and Libraries";
			sourceTree = "<group>";
		};
		089C167CFE841241C02AAC07 /* Resources */ = {
			isa = PBXGroup;
			children = (
				8D5B49B7048680CD000E48DA /* Info.plist */,
				089C167DFE841241C02AAC07 /* InfoPlist.strings */,
			);
			name = Resources;
			sourceTree = "<group>";
		};
		08FB77AFFE84173DC02AAC07 /* Classes */ = {
			isa = PBXGroup;
			children = (
				CC726D6A0F1568BC00EB02AF /* JSEnablerPlugIn.h */,
				CC726D6B0F1568BC00EB02AF /* JSEnablerPlugIn.m */,
				CC0EC5C90F22A2020094F69D /* JSTalk.h */,
				CC0EC5CF0F22A2020094F69D /* JSTalk.m */,
				CC0EC5D00F22A2020094F69D /* JSTExtras.h */,
				CC0EC5CA0F22A2020094F69D /* JSTExtras.m */,
				CC0EC5CC0F22A2020094F69D /* JSTListener.h */,
				CC0EC5CD0F22A2020094F69D /* JSTListener.m */,
				CC0EC5CB0F22A2020094F69D /* JSTScanner.h */,
				CC0EC5CE0F22A2020094F69D /* JSTScanner.m */,
			);
			name = Classes;
			sourceTree = "<group>";
		};
		1058C7ACFEA557BF11CA2CBB /* Linked Frameworks */ = {
			isa = PBXGroup;
			children = (
				CC0EC5D90F22A21A0094F69D /* ScriptingBridge.framework */,
				CC2FDC9E0EB68C40005267D1 /* JavaScriptCore.framework */,
				1058C7ADFEA557BF11CA2CBB /* Cocoa.framework */,
			);
			name = "Linked Frameworks";
			sourceTree = "<group>";
		};
		1058C7AEFEA557BF11CA2CBB /* Other Frameworks */ = {
			isa = PBXGroup;
			children = (
				CC2FDCAF0EB68CF4005267D1 /* libffi.dylib */,
				089C167FFE841241C02AAC07 /* AppKit.framework */,
				D2F7E65807B2D6F200F64583 /* CoreData.framework */,
				089C1672FE841209C02AAC07 /* Foundation.framework */,
			);
			name = "Other Frameworks";
			sourceTree = "<group>";
		};
		19C28FB8FE9D52D311CA2CBB /* Products */ = {
			isa = PBXGroup;
			children = (
				8D5B49B6048680CD000E48DA /* JSEnabler.acplugin */,
			);
			name = Products;
			sourceTree = "<group>";
		};
		32C88E010371C26100C91783 /* Other Sources */ = {
			isa = PBXGroup;
			children = (
				CC726DF80F156BE500EB02AF /* ACPlugin.h */,
				CC726D6D0F1568C700EB02AF /* jsenabler_Prefix.pch */,
			);
			name = "Other Sources";
			sourceTree = "<group>";
		};
		CC726D9A0F1569FA00EB02AF /* JSCocoa */ = {
			isa = PBXGroup;
			children = (
				CC726D9B0F1569FA00EB02AF /* BridgeSupportController.h */,
				CC726D9C0F1569FA00EB02AF /* BridgeSupportController.m */,
				CC726D9D0F1569FA00EB02AF /* JSCocoaController.h */,
				CC726D9E0F1569FA00EB02AF /* JSCocoaController.m */,
				CC726D9F0F1569FA00EB02AF /* JSCocoaFFIArgument.h */,
				CC726DA00F1569FA00EB02AF /* JSCocoaFFIArgument.m */,
				CC726DA10F1569FA00EB02AF /* JSCocoaFFIClosure.h */,
				CC726DA20F1569FA00EB02AF /* JSCocoaFFIClosure.m */,
				CC726DA30F1569FA00EB02AF /* JSCocoaPrivateObject.h */,
				CC726DA40F1569FA00EB02AF /* JSCocoaPrivateObject.m */,
			);
			path = JSCocoa;
			sourceTree = "<group>";
		};
/* End PBXGroup section */

/* Begin PBXNativeTarget section */
		8D5B49AC048680CD000E48DA /* JSEnabler */ = {
			isa = PBXNativeTarget;
			buildConfigurationList = 1DEB913A08733D840010E9CD /* Build configuration list for PBXNativeTarget "JSEnabler" */;
			buildPhases = (
				8D5B49AF048680CD000E48DA /* Resources */,
				8D5B49B1048680CD000E48DA /* Sources */,
				8D5B49B3048680CD000E48DA /* Frameworks */,
			);
			buildRules = (
			);
			dependencies = (
			);
			name = JSEnabler;
			productInstallPath = "$(HOME)/Library/Bundles";
			productName = Capitalize;
			productReference = 8D5B49B6048680CD000E48DA /* JSEnabler.acplugin */;
			productType = "com.apple.product-type.bundle";
		};
/* End PBXNativeTarget section */

/* Begin PBXProject section */
		089C1669FE841209C02AAC07 /* Project object */ = {
			isa = PBXProject;
			buildConfigurationList = 1DEB913E08733D840010E9CD /* Build configuration list for PBXProject "jsenabler" */;
			compatibilityVersion = "Xcode 3.1";
			hasScannedForEncodings = 1;
			mainGroup = 089C166AFE841209C02AAC07 /* Capitalize */;
			projectDirPath = "";
			projectRoot = "";
			targets = (
				8D5B49AC048680CD000E48DA /* JSEnabler */,
			);
		};
/* End PBXProject section */

/* Begin PBXResourcesBuildPhase section */
		8D5B49AF048680CD000E48DA /* Resources */ = {
			isa = PBXResourcesBuildPhase;
			buildActionMask = 2147483647;
			files = (
				8D5B49B0048680CD000E48DA /* InfoPlist.strings in Resources */,
			);
			runOnlyForDeploymentPostprocessing = 0;
		};
/* End PBXResourcesBuildPhase section */

/* Begin PBXSourcesBuildPhase section */
		8D5B49B1048680CD000E48DA /* Sources */ = {
			isa = PBXSourcesBuildPhase;
			buildActionMask = 2147483647;
			files = (
				CC726D6C0F1568BC00EB02AF /* JSEnablerPlugIn.m in Sources */,
				CC726DA50F1569FA00EB02AF /* BridgeSupportController.m in Sources */,
				CC726DA60F1569FA00EB02AF /* JSCocoaController.m in Sources */,
				CC726DA70F1569FA00EB02AF /* JSCocoaFFIArgument.m in Sources */,
				CC726DA80F1569FA00EB02AF /* JSCocoaFFIClosure.m in Sources */,
				CC726DA90F1569FA00EB02AF /* JSCocoaPrivateObject.m in Sources */,
				CC0EC5D10F22A2020094F69D /* JSTExtras.m in Sources */,
				CC0EC5D20F22A2020094F69D /* JSTListener.m in Sources */,
				CC0EC5D30F22A2020094F69D /* JSTScanner.m in Sources */,
				CC0EC5D40F22A2020094F69D /* JSTalk.m in Sources */,
			);
			runOnlyForDeploymentPostprocessing = 0;
		};
/* End PBXSourcesBuildPhase section */

/* Begin PBXVariantGroup section */
		089C167DFE841241C02AAC07 /* InfoPlist.strings */ = {
			isa = PBXVariantGroup;
			children = (
				089C167EFE841241C02AAC07 /* English */,
			);
			name = InfoPlist.strings;
			sourceTree = "<group>";
		};
/* End PBXVariantGroup section */

/* Begin XCBuildConfiguration section */
		1DEB913B08733D840010E9CD /* Debug */ = {
			isa = XCBuildConfiguration;
			buildSettings = {
				COPY_PHASE_STRIP = NO;
				DEPLOYMENT_LOCATION = NO;
				DSTROOT = "$(HOME)/Library/Application Support/Acorn/Plug-Ins";
				GCC_DYNAMIC_NO_PIC = NO;
				GCC_ENABLE_FIX_AND_CONTINUE = YES;
				GCC_MODEL_TUNING = G5;
				GCC_OPTIMIZATION_LEVEL = 0;
				GCC_PRECOMPILE_PREFIX_HEADER = YES;
				GCC_PREFIX_HEADER = jsenabler_Prefix.pch;
				HEADER_SEARCH_PATHS = "\"$(SRCROOT)/JSCocoa\"";
				INFOPLIST_FILE = Info.plist;
				INSTALL_PATH = "";
				OTHER_CFLAGS = "-DDEBUG";
				PRODUCT_NAME = JSEnabler;
				SKIP_INSTALL = NO;
				WRAPPER_EXTENSION = acplugin;
				ZERO_LINK = NO;
			};
			name = Debug;
		};
		1DEB913C08733D840010E9CD /* Release */ = {
			isa = XCBuildConfiguration;
			buildSettings = {
				ARCHS = (
					ppc,
					i386,
				);
				DEPLOYMENT_LOCATION = NO;
				DSTROOT = "$(HOME)/Library/Application Support/Acorn/Plug-Ins";
				GCC_GENERATE_DEBUGGING_SYMBOLS = NO;
				GCC_MODEL_TUNING = G5;
				GCC_PRECOMPILE_PREFIX_HEADER = YES;
				GCC_PREFIX_HEADER = jsenabler_Prefix.pch;
				HEADER_SEARCH_PATHS = "\"$(SRCROOT)/JSCocoa\"";
				INFOPLIST_FILE = Info.plist;
				INSTALL_PATH = "";
				PRODUCT_NAME = JSEnabler;
				SKIP_INSTALL = NO;
				WRAPPER_EXTENSION = acplugin;
				ZERO_LINK = NO;
			};
			name = Release;
		};
		1DEB913F08733D840010E9CD /* Debug */ = {
			isa = XCBuildConfiguration;
			buildSettings = {
				GCC_WARN_ABOUT_RETURN_TYPE = YES;
				GCC_WARN_UNUSED_VARIABLE = YES;
				PREBINDING = NO;
				SDKROOT = macosx10.5;
			};
			name = Debug;
		};
		1DEB914008733D840010E9CD /* Release */ = {
			isa = XCBuildConfiguration;
			buildSettings = {
				GCC_WARN_ABOUT_RETURN_TYPE = YES;
				GCC_WARN_UNUSED_VARIABLE = YES;
				PREBINDING = NO;
				SDKROOT = macosx10.5;
			};
			name = Release;
		};
/* End XCBuildConfiguration section */

/* Begin XCConfigurationList section */
		1DEB913A08733D840010E9CD /* Build configuration list for PBXNativeTarget "JSEnabler" */ = {
			isa = XCConfigurationList;
			buildConfigurations = (
				1DEB913B08733D840010E9CD /* Debug */,
				1DEB913C08733D840010E9CD /* Release */,
			);
			defaultConfigurationIsVisible = 0;
			defaultConfigurationName = Release;
		};
		1DEB913E08733D840010E9CD /* Build configuration list for PBXProject "jsenabler" */ = {
			isa = XCConfigurationList;
			buildConfigurations = (
				1DEB913F08733D840010E9CD /* Debug */,
				1DEB914008733D840010E9CD /* Release */,
			);
			defaultConfigurationIsVisible = 0;
			defaultConfigurationName = Release;
		};
/* End XCConfigurationList section */
	};
	rootObject = 089C1669FE841209C02AAC07 /* Project object */;
}
